
Microsoft Visual Studio Solution File, Format Version 12.00
# Visual Studio Version 16
VisualStudioVersion = 16.0.29509.3
MinimumVisualStudioVersion = 10.0.40219.1
Project("{FAE04EC0-301F-11D3-BF4B-00C04F79EFBC}") = "OdeanTCMBLib", "OdeanTCMBLib\OdeanTCMBLib.csproj", "{B1E53703-23D7-4D46-8A73-3D3480792500}"
EndProject
Project("{FAE04EC0-301F-11D3-BF4B-00C04F79EFBC}") = "OdeonTCMBApp", "OdeonTCMBApp\OdeonTCMBApp.csproj", "{71F4273B-7928-4DD6-AA1A-94A89AA243AE}"
EndProject
Project("{9A19103F-16F7-4668-BE54-9A1E7A4F7556}") = "LibTestApp", "..\LibTestApp\LibTestApp\LibTestApp.csproj", "{5B67A5A9-CFD6-4612-96AB-1FDD6F20A0B6}"
EndProject
Global
	GlobalSection(SolutionConfigurationPlatforms) = preSolution
		Debug|Any CPU = Debug|Any CPU
		Release|Any CPU = Release|Any CPU
	EndGlobalSection
	GlobalSection(ProjectConfigurationPlatforms) = postSolution
		{B1E53703-23D7-4D46-8A73-3D3480792500}.Debug|Any CPU.ActiveCfg = Debug|Any CPU
		{B1E53703-23D7-4D46-8A73-3D3480792500}.Debug|Any CPU.Build.0 = Debug|Any CPU
		{B1E53703-23D7-4D46-8A73-3D3480792500}.Release|Any CPU.ActiveCfg = Release|Any CPU
		{B1E53703-23D7-4D46-8A73-3D3480792500}.Release|Any CPU.Build.0 = Release|Any CPU
		{71F4273B-7928-4DD6-AA1A-94A89AA243AE}.Debug|Any CPU.ActiveCfg = Debug|Any CPU
		{71F4273B-7928-4DD6-AA1A-94A89AA243AE}.Debug|Any CPU.Build.0 = Debug|Any CPU
		{71F4273B-7928-4DD6-AA1A-94A89AA243AE}.Release|Any CPU.ActiveCfg = Release|Any CPU
		{71F4273B-7928-4DD6-AA1A-94A89AA243AE}.Release|Any CPU.Build.0 = Release|Any CPU
		{5B67A5A9-CFD6-4612-96AB-1FDD6F20A0B6}.Debug|Any CPU.ActiveCfg = Debug|Any CPU
		{5B67A5A9-CFD6-4612-96AB-1FDD6F20A0B6}.Debug|Any CPU.Build.0 = Debug|Any CPU
		{5B67A5A9-CFD6-4612-96AB-1FDD6F20A0B6}.Release|Any CPU.ActiveCfg = Release|Any CPU
		{5B67A5A9-CFD6-4612-96AB-1FDD6F20A0B6}.Release|Any CPU.Build.0 = Release|Any CPU
	EndGlobalSection
	GlobalSection(SolutionProperties) = preSolution
		HideSolutionNode = FALSE
	EndGlobalSection
	GlobalSection(ExtensibilityGlobals) = postSolution
		SolutionGuid = {AF6B9831-E008-4BFB-B994-0D6A76209E83}
	EndGlobalSection
EndGlobal
